{
  "name": "homebridge-milight",
  "version": "1.2.0",
  "lockfileVersion": 1,
  "requires": true,
  "dependencies": {
    "bluebird": {
      "version": "3.5.0",
      "resolved": "https://registry.npmjs.org/bluebird/-/bluebird-3.5.0.tgz",
      "integrity": "sha1-eRQg1/VR7qKJdFOop3ZT+WYG1nw="
    },
    "node-milight-promise": {
      "version": "0.2.2",
      "resolved": "https://registry.npmjs.org/node-milight-promise/-/node-milight-promise-0.2.2.tgz",
      "integrity": "sha1-S+0gRiJ7ls52l+L2xzbd/KwBRlw=",
      "requires": {
        "bluebird": "3.5.0",
        "promise-retryer": "0.0.1"
      }
    },
    "promise-object": {
      "version": "0.1.7",
      "resolved": "https://registry.npmjs.org/promise-object/-/promise-object-0.1.7.tgz",
      "integrity": "sha1-MsQ6Fn38xq6NIKiu47GAc14yYQc="
    },
    "promise-retryer": {
      "version": "0.0.1",
      "resolved": "https://registry.npmjs.org/promise-retryer/-/promise-retryer-0.0.1.tgz",
      "integrity": "sha1-H8QiUAN++keClmKNmnOKynobIEk=",
      "requires": {
        "promise-object": "0.1.7"
      }
    },
    "underscore": {
      "version": "1.8.3",
      "resolved": "https://registry.npmjs.org/underscore/-/underscore-1.8.3.tgz",
      "integrity": "sha1-Tz+1OxBuYJf8+ctBCfKl6b36UCI="
    }
  }
}
