{
  "name": "homebridge-milight",
  "version": "1.1.0",
  "lockfileVersion": 1,
  "requires": true,
  "dependencies": {
    "bluebird": {
      "version": "3.5.1",
      "resolved": "https://registry.npmjs.org/bluebird/-/bluebird-3.5.1.tgz",
      "integrity": "sha512-MKiLiV+I1AA596t9w1sQJ8jkiSr5+ZKi0WKrYGUn6d1Fx+Ij4tIj+m2WMQSGczs5jZVxV339chE8iwk6F64wjA=="
    },
    "node-milight-promise": {
      "version": "github:mwittig/node-milight-promise#c26a9e7c4cb41199a95198aadd8cc9f02342f709",
      "requires": {
        "bluebird": "3.5.1",
        "promise-retryer": "0.0.1"
      }
    },
    "promise-object": {
      "version": "0.1.7",
      "resolved": "https://registry.npmjs.org/promise-object/-/promise-object-0.1.7.tgz",
      "integrity": "sha1-MsQ6Fn38xq6NIKiu47GAc14yYQc="
    },
    "promise-retryer": {
      "version": "0.0.1",
      "resolved": "https://registry.npmjs.org/promise-retryer/-/promise-retryer-0.0.1.tgz",
      "integrity": "sha1-H8QiUAN++keClmKNmnOKynobIEk=",
      "requires": {
        "promise-object": "0.1.7"
      }
    }
  }
}
